
Microsoft Visual Studio Solution File, Format Version 12.00
# Visual Studio Version 16
VisualStudioVersion = 16.0.29613.14
MinimumVisualStudioVersion = 10.0.40219.1
Project("{FAE04EC0-301F-11D3-BF4B-00C04F79EFBC}") = "EFCore_Release", "EFCore_Release\EFCore_Release.csproj", "{39294B54-785A-40CE-9DD1-30BE2F353C5E}"
EndProject
Global
	GlobalSection(SolutionConfigurationPlatforms) = preSolution
		Debug|Any CPU = Debug|Any CPU
		Release|Any CPU = Release|Any CPU
	EndGlobalSection
	GlobalSection(ProjectConfigurationPlatforms) = postSolution
		{39294B54-785A-40CE-9DD1-30BE2F353C5E}.Debug|Any CPU.ActiveCfg = Debug|Any CPU
		{39294B54-785A-40CE-9DD1-30BE2F353C5E}.Debug|Any CPU.Build.0 = Debug|Any CPU
		{39294B54-785A-40CE-9DD1-30BE2F353C5E}.Release|Any CPU.ActiveCfg = Release|Any CPU
		{39294B54-785A-40CE-9DD1-30BE2F353C5E}.Release|Any CPU.Build.0 = Release|Any CPU
	EndGlobalSection
	GlobalSection(SolutionProperties) = preSolution
		HideSolutionNode = FALSE
	EndGlobalSection
	GlobalSection(ExtensibilityGlobals) = postSolution
		SolutionGuid = {E1079C38-3F24-4E16-AC9C-EDF5DF5AC354}
	EndGlobalSection
EndGlobal
